
Microsoft Visual Studio Solution File, Format Version 12.00
# Visual Studio Version 17
VisualStudioVersion = 17.13.35818.85 d17.13
MinimumVisualStudioVersion = 10.0.40219.1
Project("{FAE04EC0-301F-11D3-BF4B-00C04F79EFBC}") = "Online-Store-Backend", "Online-Store-Backend\Online-Store-Backend.csproj", "{128A55B4-964D-4F6A-B78A-84881B71BC8F}"
EndProject
Global
	GlobalSection(SolutionConfigurationPlatforms) = preSolution
		Debug|Any CPU = Debug|Any CPU
		Release|Any CPU = Release|Any CPU
	EndGlobalSection
	GlobalSection(ProjectConfigurationPlatforms) = postSolution
		{128A55B4-964D-4F6A-B78A-84881B71BC8F}.Debug|Any CPU.ActiveCfg = Debug|Any CPU
		{128A55B4-964D-4F6A-B78A-84881B71BC8F}.Debug|Any CPU.Build.0 = Debug|Any CPU
		{128A55B4-964D-4F6A-B78A-84881B71BC8F}.Release|Any CPU.ActiveCfg = Release|Any CPU
		{128A55B4-964D-4F6A-B78A-84881B71BC8F}.Release|Any CPU.Build.0 = Release|Any CPU
	EndGlobalSection
	GlobalSection(SolutionProperties) = preSolution
		HideSolutionNode = FALSE
	EndGlobalSection
	GlobalSection(ExtensibilityGlobals) = postSolution
		SolutionGuid = {7196E780-BE2B-423C-861E-E241A1A31EB4}
	EndGlobalSection
EndGlobal
